
Microsoft Visual Studio Solution File, Format Version 12.00
# Visual Studio Version 16
VisualStudioVersion = 16.0.29025.244
MinimumVisualStudioVersion = 10.0.40219.1
Project("{FAE04EC0-301F-11D3-BF4B-00C04F79EFBC}") = "SQL", "SQL\SQL.csproj", "{BBAB9075-1FB5-47C2-B7C6-EF610B3AE4CE}"
EndProject
Global
	GlobalSection(SolutionConfigurationPlatforms) = preSolution
		Debug|Any CPU = Debug|Any CPU
		Release|Any CPU = Release|Any CPU
	EndGlobalSection
	GlobalSection(ProjectConfigurationPlatforms) = postSolution
		{BBAB9075-1FB5-47C2-B7C6-EF610B3AE4CE}.Debug|Any CPU.ActiveCfg = Debug|Any CPU
		{BBAB9075-1FB5-47C2-B7C6-EF610B3AE4CE}.Debug|Any CPU.Build.0 = Debug|Any CPU
		{BBAB9075-1FB5-47C2-B7C6-EF610B3AE4CE}.Release|Any CPU.ActiveCfg = Release|Any CPU
		{BBAB9075-1FB5-47C2-B7C6-EF610B3AE4CE}.Release|Any CPU.Build.0 = Release|Any CPU
	EndGlobalSection
	GlobalSection(SolutionProperties) = preSolution
		HideSolutionNode = FALSE
	EndGlobalSection
	GlobalSection(ExtensibilityGlobals) = postSolution
		SolutionGuid = {781D9B6E-24B3-4E4C-B3B3-E78C41287674}
	EndGlobalSection
EndGlobal
